{
    "_meta": {
        "hash": {
            "sha256": "fcafea633e0d9b2fdb1c006ea90350ec732d18d51d36ab77608268e93259488f"
        },
        "pipfile-spec": 6,
        "requires": {
            "python_version": "3.10"
        },
        "sources": [
            {
                "name": "pypi",
                "url": "https://pypi.org/simple",
                "verify_ssl": true
            }
        ]
    },
    "default": {
        "click": {
            "hashes": [
                "sha256:482be17c6991b8c19c5429a1e995d9b0efdbb63172824c41f99965dc0ade8ec2",
                "sha256:918b5633eddf6b41c32d4f454bf0de810065c74e3f7dbf8ee5452f8be88d3e96"
            ],
            "markers": "python_version >= '3.10'",
            "version": "==8.4.1"
        },
        "colorama": {
            "hashes": [
                "sha256:08695f5cb7ed6e0531a20572697297273c47b8cae5a63ffc6d6ed5c201be6e44",
                "sha256:4f1d9991f5acc0ca119f9d443620b77f9d6b33703e51011c16baf57afb285fc6"
            ],
            "markers": "python_version >= '2.7' and python_version not in '3.0, 3.1, 3.2, 3.3, 3.4, 3.5, 3.6'",
            "version": "==0.4.6"
        },
        "contourpy": {
            "hashes": [
                "sha256:0475b1f6604896bc7c53bb070e355e9321e1bc0d381735421a2d2068ec56531f",
                "sha256:106fab697af11456fcba3e352ad50effe493a90f893fca6c2ca5c033820cea92",
                "sha256:107ba8a6a7eec58bb475329e6d3b95deba9440667c4d62b9b6063942b61d7f16",
                "sha256:15ce6ab60957ca74cff444fe66d9045c1fd3e92c8936894ebd1f3eef2fff075f",
                "sha256:1c48188778d4d2f3d48e4643fb15d8608b1d01e4b4d6b0548d9b336c28fc9b6f",
                "sha256:3859783aefa2b8355697f16642695a5b9792e7a46ab86da1118a4a23a51a33d7",
                "sha256:3d80b2c0300583228ac98d0a927a1ba6a2ba6b8a742463c564f1d419ee5b211e",
                "sha256:3f9e896f447c5c8618f1edb2bafa9a4030f22a575ec418ad70611450720b5b08",
                "sha256:434f0adf84911c924519d2b08fc10491dd282b20bdd3fa8f60fd816ea0b48841",
                "sha256:49b65a95d642d4efa8f64ba12558fcb83407e58a2dfba9d796d77b63ccfcaff5",
                "sha256:4caf2bcd2969402bf77edc4cb6034c7dd7c0803213b3523f111eb7460a51b8d2",
                "sha256:532fd26e715560721bb0d5fc7610fce279b3699b018600ab999d1be895b09415",
                "sha256:5ebac872ba09cb8f2131c46b8739a7ff71de28a24c869bcad554477eb089a878",
                "sha256:5f5964cdad279256c084b69c3f412b7801e15356b16efa9d78aa974041903da0",
                "sha256:65a887a6e8c4cd0897507d814b14c54a8c2e2aa4ac9f7686292f9769fcf9a6ab",
                "sha256:6a37a2fb93d4df3fc4c0e363ea4d16f83195fc09c891bc8ce072b9d084853445",
                "sha256:70771a461aaeb335df14deb6c97439973d253ae70660ca085eec25241137ef43",
                "sha256:71e2bd4a1c4188f5c2b8d274da78faab884b59df20df63c34f74aa1813c4427c",
                "sha256:745b57db7758f3ffc05a10254edd3182a2a83402a89c00957a8e8a22f5582823",
                "sha256:78e9253c3de756b3f6a5174d024c4835acd59eb3f8e2ca13e775dbffe1558f69",
                "sha256:82199cb78276249796419fe36b7386bd8d2cc3f28b3bc19fe2454fe2e26c4c15",
                "sha256:8b7fc0cd78ba2f4695fd0a6ad81a19e7e3ab825c31b577f384aa9d7817dc3bef",
                "sha256:8c5acb8dddb0752bf252e01a3035b21443158910ac16a3b0d20e7fed7d534ce5",
                "sha256:8c942a01d9163e2e5cfb05cb66110121b8d07ad438a17f9e766317bcb62abf73",
                "sha256:8d2e74acbcba3bfdb6d9d8384cdc4f9260cae86ed9beee8bd5f54fee49a430b9",
                "sha256:90df94c89a91b7362e1142cbee7568f86514412ab8a2c0d0fca72d7e91b62912",
                "sha256:970e9173dbd7eba9b4e01aab19215a48ee5dd3f43cef736eebde064a171f89a5",
                "sha256:977e98a0e0480d3fe292246417239d2d45435904afd6d7332d8455981c408b85",
                "sha256:9be002b31c558d1ddf1b9b415b162c603405414bacd6932d031c5b5a8b757f0d",
                "sha256:ad687a04bc802cbe8b9c399c07162a3c35e227e2daccf1668eb1f278cb698631",
                "sha256:b4f54d6a2defe9f257327b0f243612dd051cc43825587520b1bf74a31e2f6ef2",
                "sha256:b6945942715a034c671b7fc54f9588126b0b8bf23db2696e3ca8328f3ff0ab54",
                "sha256:b7cd50c38f500bbcc9b6a46643a40e0913673f869315d8e70de0438817cb7773",
                "sha256:ba38e3f9f330af820c4b27ceb4b9c7feee5fe0493ea53a8720f4792667465934",
                "sha256:c440093bbc8fc21c637c03bafcbef95ccd963bc6e0514ad887932c18ca2a759a",
                "sha256:c49f73e61f1f774650a55d221803b101d966ca0c5a2d6d5e4320ec3997489441",
                "sha256:c66c4906cdbc50e9cba65978823e6e00b45682eb09adbb78c9775b74eb222422",
                "sha256:c6c4639a9c22230276b7bffb6a850dfc8258a2521305e1faefe804d006b2e532",
                "sha256:c85bb486e9be652314bb5b9e2e3b0d1b2e643d5eec4992c0fbe8ac71775da739",
                "sha256:cc829960f34ba36aad4302e78eabf3ef16a3a100863f0d4eeddf30e8a485a03b",
                "sha256:cdd22595308f53ef2f891040ab2b93d79192513ffccbd7fe19be7aa773a5e09f",
                "sha256:d0e589ae0d55204991450bb5c23f571c64fe43adaa53f93fc902a84c96f52fe1",
                "sha256:d14f12932a8d620e307f715857107b1d1845cc44fdb5da2bc8e850f5ceba9f87",
                "sha256:d32530b534e986374fc19eaa77fcb87e8a99e5431499949b828312bdcd20ac52",
                "sha256:d6658ccc7251a4433eebd89ed2672c2ed96fba367fd25ca9512aa92a4b46c4f1",
                "sha256:d91a3ccc7fea94ca0acab82ceb77f396d50a1f67412efe4c526f5d20264e6ecd",
                "sha256:dc41ba0714aa2968d1f8674ec97504a8f7e334f48eeacebcaa6256213acb0989",
                "sha256:de39db2604ae755316cb5967728f4bea92685884b1e767b7c24e983ef5f771cb",
                "sha256:de425af81b6cea33101ae95ece1f696af39446db9682a0b56daaa48cfc29f38f",
                "sha256:ded1706ed0c1049224531b81128efbd5084598f18d8a2d9efae833edbd2b40ad",
                "sha256:e1578f7eafce927b168752ed7e22646dad6cd9bca673c60bff55889fa236ebf9",
                "sha256:e259bced5549ac64410162adc973c5e2fb77f04df4a439d00b478e57a0e65512",
                "sha256:e298e7e70cf4eb179cc1077be1c725b5fd131ebc81181bf0c03525c8abc297fd",
                "sha256:eab0f6db315fa4d70f1d8ab514e527f0366ec021ff853d7ed6a2d33605cf4b83",
                "sha256:f26b383144cf2d2c29f01a1e8170f50dacf0eac02d64139dcd709a8ac4eb3cfe",
                "sha256:f939a054192ddc596e031e50bb13b657ce318cf13d264f095ce9db7dc6ae81c0",
                "sha256:fd93cc7f3139b6dd7aab2f26a90dde0aa9fc264dbf70f6740d498a70b860b82c"
            ],
            "markers": "python_version >= '3.10'",
            "version": "==1.3.2"
        },
        "cycler": {
            "hashes": [
                "sha256:85cef7cff222d8644161529808465972e51340599459b8ac3ccbac5a854e0d30",
                "sha256:88bb128f02ba341da8ef447245a9e138fae777f6a23943da4540077d3601eb1c"
            ],
            "markers": "python_version >= '3.8'",
            "version": "==0.12.1"
        },
        "flask": {
            "hashes": [
                "sha256:58107ed83443e86067e41eff4631b058178191a355886f8e479e347fa1285fdf",
                "sha256:edee9b0a7ff26621bd5a8c10ff484ae28737a2410d99b0bb9a6850c7fb977aa0"
            ],
            "index": "pypi",
            "markers": "python_version >= '3.7'",
            "version": "==2.2.5"
        },
        "fonttools": {
            "hashes": [
                "sha256:032038247a96c1690f9f31e377c389383c902531b085aa4e4dabd6f57f870e69",
                "sha256:063e08bd17bd5a90127a14123de0d6a952dbc847695fd98b63c043d58057f90c",
                "sha256:0c18358a155d75034911c5ee397a5b44cd19dd325dbb8b35fb60bf421d6a72ac",
                "sha256:0eac00b9118c3c2f87d272e45341871c5b3066baa3c86897fa634a7c3fb59096",
                "sha256:1e874792a8212b44583ea02189d9e693906b2f78b261f372f95d6c563210ac1d",
                "sha256:22135da48a348785c5e2d5d2d9d6bec5ed44adacbaeb9db12d9493bf6c6bfa68",
                "sha256:22693918177bd9ceabec4736d338045f357769416fc6b0b2508eefef75b08616",
                "sha256:27fdc65af8da6f88b9c6121c47a464cbe359fcfff7ff6fc2d37a1f395d755b78",
                "sha256:2b8ae05d9eacf6081414d759c0a352769ac28ce31280d6bb8e77b03f9e3c449f",
                "sha256:2c14b4fd138c4bafcca294765c547914e1aa431ae1ca94ab99d8db08c958bd3b",
                "sha256:308f957cdeaf8abe4e5f2f124902ef405448af92c90f80e302a3b771c2e6116b",
                "sha256:37dd23e621e3b0aef1baa70a303b80aaf38449632cfc8fd2a55fb285bbccfc02",
                "sha256:445af2eab030a16b9171ea8bdda7ebf7d96bda2df88ee182a464252f6e05e20d",
                "sha256:51394295f1a51de8b5f30bdb1e1b9a4231536c7064ef5c6e211eec19fa36036f",
                "sha256:58dc6bb86a78d782f00f9190ca02c119cf5bbe2807536e361e18d42019f877d8",
                "sha256:59ac449f8cca9b4ffa08d2e7bbadad87ce710d69d1eda5c3c1ce579baa987272",
                "sha256:6b2248c5decb223562f7902ff6325077a073f608ee8e33e88ad88db734eb9f49",
                "sha256:6d4741eb179121cab9eea4cb2393d24492373a260d7945006358c08cfbf45419",
                "sha256:6db5140a60a5d731d21ec076745b40a310607731b0a565b50776393188649001",
                "sha256:6e528da43bc3791085f8cb6141b1d13e459226790240340fcbb4625649238b03",
                "sha256:796f27556dbe094c4824f75ca85267e4df776c79036c8441469a4df37038c196",
                "sha256:79cdc9f567aec74a72918fd060283911406750cbc9fd28c1316023deb6ce31a9",
                "sha256:7d76edbff9014094dbf03bd2d074709dfa6ec7aba13d838c937a2b33d2d6a86e",
                "sha256:7d782fac32985914c351556f68ac0855391572bcd87de50e05970d3cd4c96fc5",
                "sha256:7dd683fef0663e9f0f45cf541d788d24caa3ec9db50796b588e1757d8b3bc007",
                "sha256:85be818f5506e8a7753153def2c9550178f0ecae6a47b5e0e8dbb23f7cc90380",
                "sha256:948428a275741f0b64b113c955425a953314f4b9ab9997f73a72c83e68e569c8",
                "sha256:9ced0bd02ac751dd6319b0da88aaef24414e3b0dbc32bb4f24944821a3741a27",
                "sha256:9e12f105d2b6342c559c298afb674006bb2893afc7102dcf8a1b55b0486b4e40",
                "sha256:a8b33a82979e0a6a34ff435cc81317be1f95ec1ebb7a3a2d1c8a6a54f02ae44e",
                "sha256:a9faff9e0c1f76f9fd55899d2ce785832efebab37eb8ae13995853aef178bef0",
                "sha256:af2fd1664d00a397d75f806985ddb36282091c2131a73a6485c23b4a34722263",
                "sha256:afefc1ed0a59785a7fb06ea7e1678e849c193e1e387db783579bc7b3056fcfcb",
                "sha256:b1cd75a03ad8cb5bc40c90bfde68c0c47de423aa19e5c0f362b43520645eea94",
                "sha256:ba04cb5891d4c0c21b6da95eda8d7b090021508a294fff33464fc7d241e0856b",
                "sha256:bf00f21eb5fb721dbaf73d1e9da6d02a1af7768f2ebcf9798be98beab8ba90f6",
                "sha256:c0425b277a59cff3d80ca42162a8de360f318438a2ac83570842a678d826d579",
                "sha256:c1aaa4b9c75798400ac043ce04d74e7830376c85095a5a6ed7cba2f17a266bf4",
                "sha256:c2a2a42198b696a6f48fad91709afb55176e66a5e566131219dba372fb7f8c59",
                "sha256:caeb583deeb5168e694b65cda8b4ee62abedfa66cf88488734466f2366b9c4e0",
                "sha256:cb014d58140a38135f16064c74c652ed57aa0b75cbf8bb59cac821f7edb5334e",
                "sha256:ccf41f2efdf56994d22d73bef4ced1052161958169428d06ba9724ea9e9a64be",
                "sha256:cd7e9857e5e63738b9d9fd707bc1f59c8b09e5177726d23664db393c59bb08bd",
                "sha256:d76ac49f929aecaf82d83250b8347e099d7aecba0f4726c1d9b6df3b8bb5fe18",
                "sha256:d7e5c9973aa04c95650c96e5f5ad865fbf42d62079163ecfab1e01cbc2504c22",
                "sha256:dcf076a4474fe0d7367e5bbf5b052c7284fa1feca729c04176ce513521afd8a0",
                "sha256:e3297a6a4059b4acc3a1e9a8b04741f240a80044eef08ebd32e8b5bcdddce75b",
                "sha256:ee08ebfa58f6e1aeff5697ab9582105bb620008c1caafb681e4c557e7483027b",
                "sha256:ef3048ef05dbb552b89817713d9cac912e00d0fde4a3105c00d29e52e10c89af",
                "sha256:fd1e3094f42d806d3d7c79162fc59e5910fcbe3a7360c385b8da969bc4493745"
            ],
            "markers": "python_version >= '3.10'",
            "version": "==4.63.0"
        },
        "itsdangerous": {
            "hashes": [
                "sha256:c6242fc49e35958c8b15141343aa660db5fc54d4f13a1db01a3f5891b98700ef",
                "sha256:e0050c0b7da1eea53ffaf149c0cfbb5c6e2e2b69c4bef22c81fa6eb73e5f6173"
            ],
            "markers": "python_version >= '3.8'",
            "version": "==2.2.0"
        },
        "jinja2": {
            "hashes": [
                "sha256:0137fb05990d35f1275a587e9aee6d56da821fc83491a0fb838183be43f66d6d",
                "sha256:85ece4451f492d0c13c5dd7c13a64681a86afae63a5f347908daf103ce6d2f67"
            ],
            "markers": "python_version >= '3.7'",
            "version": "==3.1.6"
        },
        "kiwisolver": {
            "hashes": [
                "sha256:012b1eb16e28718fa782b5e61dc6f2da1f0792ca73bd05d54de6cb9561665fc9",
                "sha256:01808c6d15f4c3e8559595d6d1fe6411c68e4a3822b4b9972b44473b24f4e679",
                "sha256:0255a027391d52944eae1dbb5d4cc5903f57092f3674e8e544cdd2622826b3f0",
                "sha256:0b85aad90cea8ac6797a53b5d5f2e967334fa4d1149f031c4537569972596cb8",
                "sha256:0bf3acf1419fa93064a4c2189ac0b58e3be7872bf6ee6177b0d4c63dc4cea276",
                "sha256:0c50b89ffd3e1a911c69a1dd3de7173c0cd10b130f56222e57898683841e4f96",
                "sha256:0cbe94b69b819209a62cb27bdfa5dc2a8977d8de2f89dfd97ba4f53ed3af754e",
                "sha256:0df54df7e686afa55e6f21fb86195224a6d9beb71d637e8d7920c95cf0f89aac",
                "sha256:0e3aafb33aed7479377e5e9a82e9d4bf87063741fc99fc7ae48b0f16e32bdd6f",
                "sha256:12e91c215a96e39f57989c8912ae761286ac5a9584d04030ceb3368a357f017a",
                "sha256:1465387ac63576c3e125e5337a6892b9e99e0627d52317f3ca79e6930d889d15",
                "sha256:16b85d37c2cbb3253226d26e64663f755d88a03439a9c47df6246b35defbdfb7",
                "sha256:1b0feb50971481a2cc44d94e88bdb02cdd497618252ae226b8eb1201b957e368",
                "sha256:1d49a49ac4cbfb7c1375301cd1ec90169dfeae55ff84710d782260ce77a75a02",
                "sha256:1d9daea4ea6b9be74fe2f01f7fbade8d6ffab263e781274cffca0dba9be9eec9",
                "sha256:1dd9b0b119a350976a6d781e7278ec7aca0b201e1a9e2d23d9804afecb6ca681",
                "sha256:1f1489f769582498610e015a8ef2d36f28f505ab3096d0e16b4858a9ec214f57",
                "sha256:2517e24d7315eb51c10664cdb865195df38ab74456c677df67bb47f12d088a27",
                "sha256:295d9ffe712caa9f8a3081de8d32fc60191b4b51c76f02f951fd8407253528f4",
                "sha256:2a075bd7bd19c70cf67c8badfa36cf7c5d8de3c9ddb8420c51e10d9c50e94920",
                "sha256:32cc0a5365239a6ea0c6ed461e8838d053b57e397443c0ca894dcc8e388d4374",
                "sha256:332b4f0145c30b5f5ad9374881133e5aa64320428a57c2c2b61e9d891a51c2f3",
                "sha256:377815a8616074cabbf3f53354e1d040c35815a134e01d7614b7692e4bf8acfa",
                "sha256:38f4a703656f493b0ad185211ccfca7f0386120f022066b018eb5296d8613e23",
                "sha256:3ac2360e93cb41be81121755c6462cff3beaa9967188c866e5fce5cf13170859",
                "sha256:3c4923e404d6bcd91b6779c009542e5647fef32e4a5d75e115e3bbac6f2335eb",
                "sha256:3cdcb35dc9d807259c981a85531048ede628eabcffb3239adf3d17463518992d",
                "sha256:41024ed50e44ab1a60d3fe0a9d15a4ccc9f5f2b1d814ff283c8d01134d5b81bc",
                "sha256:413b820229730d358efd838ecbab79902fe97094565fdc80ddb6b0a18c18a581",
                "sha256:4432b835675f0ea7414aab3d37d119f7226d24869b7a829caeab49ebda407b0c",
                "sha256:4db576bb8c3ef9365f8b40fe0f671644de6736ae2c27a2c62d7d8a1b4329f099",
                "sha256:4e7f886f47ab881692f278ae901039a234e4025a68e6dfab514263a0b1c4ae05",
                "sha256:4e9750bc21b886308024f8a54ccb9a2cc38ac9fa813bf4348434e3d54f337ff9",
                "sha256:5060731cc3ed12ca3a8b57acd4aeca5bbc2f49216dd0bec1650a1acd89486bcd",
                "sha256:50847dca5d197fcbd389c805aa1a1cf32f25d2e7273dc47ab181a517666b68cc",
                "sha256:5092eb5b1172947f57d6ea7d89b2f29650414e4293c47707eb499ec07a0ac796",
                "sha256:5124d1ea754509b09e53738ec185584cc609aae4a3b510aaf4ed6aa047ef9303",
                "sha256:51e8c4084897de9f05898c2c2a39af6318044ae969d46ff7a34ed3f96274adca",
                "sha256:530a3fd64c87cffa844d4b6b9768774763d9caa299e9b75d8eca6a4423b31314",
                "sha256:56fa888f10d0f367155e76ce849fa1166fc9730d13bd2d65a2aa13b6f5424489",
                "sha256:58f812017cd2985c21fbffb4864d59174d4903dd66fa23815e74bbc7a0e2dd57",
                "sha256:59cd8683f575d96df5bb48f6add94afc055012c29e28124fcae2b63661b9efb1",
                "sha256:5ae8e62c147495b01a0f4765c878e9bfdf843412446a247e28df59936e99e797",
                "sha256:5b233ea3e165e43e35dba1d2b8ecc21cf070b45b65ae17dd2747d2713d942021",
                "sha256:6176c1811d9d5a04fa391c490cc44f451e240697a16977f11c6f722efb9041db",
                "sha256:62f59da443c4f4849f73a51a193b1d9d258dcad0c41bc4d1b8fb2bcc04bfeb22",
                "sha256:6783e069732715ad0c3ce96dbf21dbc2235ab0593f2baf6338101f70371f4028",
                "sha256:6ab8ba9152203feec73758dad83af9a0bbe05001eb4639e547207c40cfb52083",
                "sha256:70d593af6a6ca332d1df73d519fddb5148edb15cd90d5f0155e3746a6d4fcc65",
                "sha256:72ec46b7eba5b395e0a7b63025490d3214c11013f4aacb4f5e8d6c3041829588",
                "sha256:7a32f72973f0f950c1920475d5c5ea3d971b81b6f0ec53b8d0a956cc965f22e0",
                "sha256:7a4aa69609f40fce3cbc3f87b2061f042eee32f94b8f11db707b66a26461591a",
                "sha256:7c60d3c9b06fb23bd9c6139281ccbdc384297579ae037f08ae90c69f6845c0b1",
                "sha256:800ee55980c18545af444d93fdd60c56b580db5cc54867d8cbf8a1dc0829938c",
                "sha256:80aa065ffd378ff784822a6d7c3212f2d5f5e9c3589614b5c228b311fd3063ac",
                "sha256:86e0287879f75621ae85197b0877ed2f8b7aa57b511c7331dce2eb6f4de7d476",
                "sha256:893ff3a711d1b515ba9da14ee090519bad4610ed1962fbe298a434e8c5f8db53",
                "sha256:89fc958c702ee9a745e4700378f5d23fddbc46ff89e8fdbf5395c24d5c1452a3",
                "sha256:8c63c91f95173f9c2a67c7c526b2cea976828a0e7fced9cdcead2802dc10f8a4",
                "sha256:8df31fe574b8b3993cc61764f40941111b25c2d9fea13d3ce24a49907cd2d615",
                "sha256:8f9baf6f0a6e7571c45c8863010b45e837c3ee1c2c77fcd6ef423be91b21fedb",
                "sha256:9027d773c4ff81487181a925945743413f6069634d0b122d0b37684ccf4f1e18",
                "sha256:9190426b7aa26c5229501fa297b8d0653cfd3f5a36f7990c264e157cbf886b3b",
                "sha256:940dda65d5e764406b9fb92761cbf462e4e63f712ab60ed98f70552e496f3bf1",
                "sha256:94eff26096eb5395136634622515b234ecb6c9979824c1f5004c6e3c3c85ccd2",
                "sha256:9eed0f7edbb274413b6ee781cca50541c8c0facd3d6fd289779e494340a2b85c",
                "sha256:ad4ae4ffd1ee9cd11357b4c66b612da9888f4f4daf2f36995eda64bd45370cac",
                "sha256:b0f172dc8ffaccb8522d7c5d899de00133f2f1ca7b0a49b7da98e901de87bf2d",
                "sha256:b2af221f268f5af85e776a73d62b0845fc8baf8ef0abfae79d29c77d0e776aaf",
                "sha256:b7d335370ae48a780c6e6a6bbfa97342f563744c39c35562f3f367665f5c1de2",
                "sha256:b83af57bdddef03c01a9138034c6ff03181a3028d9a1003b301eb1a55e161a3f",
                "sha256:bb5136fb5352d3f422df33f0c879a1b0c204004324150cc3b5e3c4f310c9049f",
                "sha256:bc4d8e252f532ab46a1de9349e2d27b91fce46736a9eedaa37beaca66f574ed4",
                "sha256:bdd3e53429ff02aa319ba59dfe4ceeec345bf46cf180ec2cf6fd5b942e7975e9",
                "sha256:be12f931839a3bdfe28b584db0e640a65a8bcbc24560ae3fdb025a449b3d754e",
                "sha256:be4a51a55833dc29ab5d7503e7bcb3b3af3402d266018137127450005cdfe737",
                "sha256:beb7f344487cdcb9e1efe4b7a29681b74d34c08f0043a327a74da852a6749e7b",
                "sha256:bf4679a3d71012a7c2bf360e5cd878fbd5e4fcac0896b56393dec239d81529ed",
                "sha256:c0e1403fd7c26d77c1f03e096dc58a5c726503fa0db0456678b8668f76f521e3",
                "sha256:c31c13da98624f957b0fb1b5bae5383b2333c2c3f6793d9825dd5ce79b525cb7",
                "sha256:c438f6ca858697c9ab67eb28246c92508af972e114cac34e57a6d4ba17a3ac08",
                "sha256:c8277104ded0a51e699c8c3aff63ce2c56d4ed5519a5f73e0fd7057f959a2b9e",
                "sha256:c95cab08d1965db3d84a121f1c7ce7479bdd4072c9b3dafd8fecce48a2e6b902",
                "sha256:cc0b66c1eec9021353a4b4483afb12dfd50e3669ffbb9152d6842eb34c7e29fd",
                "sha256:cdee07c4d7f6d72008d3f73b9bf027f4e11550224c7c50d8df1ae4a37c1402a6",
                "sha256:ce9bf03dad3b46408c08649c6fbd6ca28a9fce0eb32fdfffa6775a13103b5310",
                "sha256:cff8e5383db4989311f99e814feeb90c4723eb4edca425b9d5d9c3fefcdd9537",
                "sha256:d168fda2dbff7b9b5f38e693182d792a938c31db4dac3a80a4888de603c99554",
                "sha256:d1ffeb80b5676463d7a7d56acbe8e37a20ce725570e09549fe738e02ca6b7e1e",
                "sha256:d36ca54cb4c6c4686f7cbb7b817f66f5911c12ddb519450bbe86707155028f87",
                "sha256:d4193f3d9dc3f6f79aaed0e5637f45d98850ebf01f7ca20e69457f3e8946b66a",
                "sha256:d5cd5189fc2b6a538b75ae45433140c4823463918f7b1617c31e68b085c0022c",
                "sha256:d618fd27420381a4f6044faa71f46d8bfd911bd077c555f7138ed88729bfbe79",
                "sha256:d76e2d8c75051d58177e762164d2e9ab92886534e3a12e795f103524f221dd8e",
                "sha256:daae526907e262de627d8f70058a0f64acc9e2641c164c99c8f594b34a799a16",
                "sha256:db485b3847d182b908b483b2ed133c66d88d49cacf98fd278fadafe11b4478d1",
                "sha256:dd952e03bfbb096cfe2dd35cd9e00f269969b67536cb4370994afc20ff2d0875",
                "sha256:dda366d548e89a90d88a86c692377d18d8bd64b39c1fb2b92cb31370e2896bbd",
                "sha256:e315e5ec90d88e140f57696ff85b484ff68bb311e36f2c414aa4286293e6dee0",
                "sha256:e4415a8db000bf49a6dd1c478bf70062eaacff0f462b92b0ba68791a905861f9",
                "sha256:e7a116ae737f0000343218c4edf5bd45893bfeaff0993c0b215d7124c9f77646",
                "sha256:e7c4c09a490dc4d4a7f8cbee56c606a320f9dc28cf92a7157a39d1ce7676a657",
                "sha256:ebae99ed6764f2b5771c522477b311be313e8841d2e0376db2b10922daebbba4",
                "sha256:ec4c85dc4b687c7f7f15f553ff26a98bfe8c58f5f7f0ac8905f0ba4c7be60232",
                "sha256:ed3a984b31da7481b103f68776f7128a89ef26ed40f4dc41a2223cda7fb24819",
                "sha256:f18c2d9782259a6dc132fdc7a63c168cbc74b35284b6d75c673958982a378384",
                "sha256:f1f9f4121ec58628c96baa3de1a55a4e3a333c5102c8e94b64e23bf7b2083309",
                "sha256:f42c23db5d1521218a3276bb08666dcb662896a0be7347cba864eca45ff64ede",
                "sha256:f443b4825c50a51ee68585522ab4a1d1257fac65896f282b4c6763337ac9f5d2",
                "sha256:f6764a4ccab3078db14a632420930f6186058750df066b8ea2a7106df91d3203",
                "sha256:f7c7553b13f69c1b29a5bde08ddc6d9d0c8bfb84f9ed01c30db25944aeb852a7",
                "sha256:fa6248cd194edff41d7ea9425ced8ca3a6f838bfb295f6f1d6e6bb694a8518df",
                "sha256:fa8eb9ecdb7efb0b226acec134e0d709e87a909fa4971a54c0c4f6e88635484c",
                "sha256:fc20894c3d21194d8041a28b65622d5b86db786da6e3cfe73f0c762951a61167",
                "sha256:fc4d3f1fb9ca0ae9f97b095963bc6326f1dbfd3779d6679a1e016b9baaa153d3",
                "sha256:fd40bb9cd0891c4c3cb1ddf83f8bbfa15731a248fdc8162669405451e2724b09",
                "sha256:ff710414307fefa903e0d9bdf300972f892c23477829f49504e59834f4195398"
            ],
            "markers": "python_version >= '3.10'",
            "version": "==1.5.0"
        },
        "markupsafe": {
            "hashes": [
                "sha256:0303439a41979d9e74d18ff5e2dd8c43ed6c6001fd40e5bf2e43f7bd9bbc523f",
                "sha256:068f375c472b3e7acbe2d5318dea141359e6900156b5b2ba06a30b169086b91a",
                "sha256:0bf2a864d67e76e5c9a34dc26ec616a66b9888e25e7b9460e1c76d3293bd9dbf",
                "sha256:0db14f5dafddbb6d9208827849fad01f1a2609380add406671a26386cdf15a19",
                "sha256:0eb9ff8191e8498cca014656ae6b8d61f39da5f95b488805da4bb029cccbfbaf",
                "sha256:0f4b68347f8c5eab4a13419215bdfd7f8c9b19f2b25520968adfad23eb0ce60c",
                "sha256:1085e7fbddd3be5f89cc898938f42c0b3c711fdcb37d75221de2666af647c175",
                "sha256:116bb52f642a37c115f517494ea5feb03889e04df47eeff5b130b1808ce7c219",
                "sha256:12c63dfb4a98206f045aa9563db46507995f7ef6d83b2f68eda65c307c6829eb",
                "sha256:133a43e73a802c5562be9bbcd03d090aa5a1fe899db609c29e8c8d815c5f6de6",
                "sha256:1353ef0c1b138e1907ae78e2f6c63ff67501122006b0f9abad68fda5f4ffc6ab",
                "sha256:15d939a21d546304880945ca1ecb8a039db6b4dc49b2c5a400387cdae6a62e26",
                "sha256:177b5253b2834fe3678cb4a5f0059808258584c559193998be2601324fdeafb1",
                "sha256:1872df69a4de6aead3491198eaf13810b565bdbeec3ae2dc8780f14458ec73ce",
                "sha256:1b4b79e8ebf6b55351f0d91fe80f893b4743f104bff22e90697db1590e47a218",
                "sha256:1b52b4fb9df4eb9ae465f8d0c228a00624de2334f216f178a995ccdcf82c4634",
                "sha256:1ba88449deb3de88bd40044603fafffb7bc2b055d626a330323a9ed736661695",
                "sha256:1cc7ea17a6824959616c525620e387f6dd30fec8cb44f649e31712db02123dad",
                "sha256:218551f6df4868a8d527e3062d0fb968682fe92054e89978594c28e642c43a73",
                "sha256:26a5784ded40c9e318cfc2bdb30fe164bdb8665ded9cd64d500a34fb42067b1c",
                "sha256:2713baf880df847f2bece4230d4d094280f4e67b1e813eec43b4c0e144a34ffe",
                "sha256:2a15a08b17dd94c53a1da0438822d70ebcd13f8c3a95abe3a9ef9f11a94830aa",
                "sha256:2f981d352f04553a7171b8e44369f2af4055f888dfb147d55e42d29e29e74559",
                "sha256:32001d6a8fc98c8cb5c947787c5d08b0a50663d139f1305bac5885d98d9b40fa",
                "sha256:3524b778fe5cfb3452a09d31e7b5adefeea8c5be1d43c4f810ba09f2ceb29d37",
                "sha256:3537e01efc9d4dccdf77221fb1cb3b8e1a38d5428920e0657ce299b20324d758",
                "sha256:35add3b638a5d900e807944a078b51922212fb3dedb01633a8defc4b01a3c85f",
                "sha256:38664109c14ffc9e7437e86b4dceb442b0096dfe3541d7864d9cbe1da4cf36c8",
                "sha256:3a7e8ae81ae39e62a41ec302f972ba6ae23a5c5396c8e60113e9066ef893da0d",
                "sha256:3b562dd9e9ea93f13d53989d23a7e775fdfd1066c33494ff43f5418bc8c58a5c",
                "sha256:457a69a9577064c05a97c41f4e65148652db078a3a509039e64d3467b9e7ef97",
                "sha256:4bd4cd07944443f5a265608cc6aab442e4f74dff8088b0dfc8238647b8f6ae9a",
                "sha256:4e885a3d1efa2eadc93c894a21770e4bc67899e3543680313b09f139e149ab19",
                "sha256:4faffd047e07c38848ce017e8725090413cd80cbc23d86e55c587bf979e579c9",
                "sha256:509fa21c6deb7a7a273d629cf5ec029bc209d1a51178615ddf718f5918992ab9",
                "sha256:5678211cb9333a6468fb8d8be0305520aa073f50d17f089b5b4b477ea6e67fdc",
                "sha256:591ae9f2a647529ca990bc681daebdd52c8791ff06c2bfa05b65163e28102ef2",
                "sha256:5a7d5dc5140555cf21a6fefbdbf8723f06fcd2f63ef108f2854de715e4422cb4",
                "sha256:69c0b73548bc525c8cb9a251cddf1931d1db4d2258e9599c28c07ef3580ef354",
                "sha256:6b5420a1d9450023228968e7e6a9ce57f65d148ab56d2313fcd589eee96a7a50",
                "sha256:722695808f4b6457b320fdc131280796bdceb04ab50fe1795cd540799ebe1698",
                "sha256:729586769a26dbceff69f7a7dbbf59ab6572b99d94576a5592625d5b411576b9",
                "sha256:77f0643abe7495da77fb436f50f8dab76dbc6e5fd25d39589a0f1fe6548bfa2b",
                "sha256:795e7751525cae078558e679d646ae45574b47ed6e7771863fcc079a6171a0fc",
                "sha256:7be7b61bb172e1ed687f1754f8e7484f1c8019780f6f6b0786e76bb01c2ae115",
                "sha256:7c3fb7d25180895632e5d3148dbdc29ea38ccb7fd210aa27acbd1201a1902c6e",
                "sha256:7e68f88e5b8799aa49c85cd116c932a1ac15caaa3f5db09087854d218359e485",
                "sha256:83891d0e9fb81a825d9a6d61e3f07550ca70a076484292a70fde82c4b807286f",
                "sha256:8485f406a96febb5140bfeca44a73e3ce5116b2501ac54fe953e488fb1d03b12",
                "sha256:8709b08f4a89aa7586de0aadc8da56180242ee0ada3999749b183aa23df95025",
                "sha256:8f71bc33915be5186016f675cd83a1e08523649b0e33efdb898db577ef5bb009",
                "sha256:915c04ba3851909ce68ccc2b8e2cd691618c4dc4c4232fb7982bca3f41fd8c3d",
                "sha256:949b8d66bc381ee8b007cd945914c721d9aba8e27f71959d750a46f7c282b20b",
                "sha256:94c6f0bb423f739146aec64595853541634bde58b2135f27f61c1ffd1cd4d16a",
                "sha256:9a1abfdc021a164803f4d485104931fb8f8c1efd55bc6b748d2f5774e78b62c5",
                "sha256:9b79b7a16f7fedff2495d684f2b59b0457c3b493778c9eed31111be64d58279f",
                "sha256:a320721ab5a1aba0a233739394eb907f8c8da5c98c9181d1161e77a0c8e36f2d",
                "sha256:a4afe79fb3de0b7097d81da19090f4df4f8d3a2b3adaa8764138aac2e44f3af1",
                "sha256:ad2cf8aa28b8c020ab2fc8287b0f823d0a7d8630784c31e9ee5edea20f406287",
                "sha256:b8512a91625c9b3da6f127803b166b629725e68af71f8184ae7e7d54686a56d6",
                "sha256:bc51efed119bc9cfdf792cdeaa4d67e8f6fcccab66ed4bfdd6bde3e59bfcbb2f",
                "sha256:bdc919ead48f234740ad807933cdf545180bfbe9342c2bb451556db2ed958581",
                "sha256:bdd37121970bfd8be76c5fb069c7751683bdf373db1ed6c010162b2a130248ed",
                "sha256:be8813b57049a7dc738189df53d69395eba14fb99345e0a5994914a3864c8a4b",
                "sha256:c0c0b3ade1c0b13b936d7970b1d37a57acde9199dc2aecc4c336773e1d86049c",
                "sha256:c47a551199eb8eb2121d4f0f15ae0f923d31350ab9280078d1e5f12b249e0026",
                "sha256:c4ffb7ebf07cfe8931028e3e4c85f0357459a3f9f9490886198848f4fa002ec8",
                "sha256:ccfcd093f13f0f0b7fdd0f198b90053bf7b2f02a3927a30e63f3ccc9df56b676",
                "sha256:d2ee202e79d8ed691ceebae8e0486bd9a2cd4794cec4824e1c99b6f5009502f6",
                "sha256:d53197da72cc091b024dd97249dfc7794d6a56530370992a5e1a08983ad9230e",
                "sha256:d6dd0be5b5b189d31db7cda48b91d7e0a9795f31430b7f271219ab30f1d3ac9d",
                "sha256:d88b440e37a16e651bda4c7c2b930eb586fd15ca7406cb39e211fcff3bf3017d",
                "sha256:de8a88e63464af587c950061a5e6a67d3632e36df62b986892331d4620a35c01",
                "sha256:df2449253ef108a379b8b5d6b43f4b1a8e81a061d6537becd5582fba5f9196d7",
                "sha256:e1c1493fb6e50ab01d20a22826e57520f1284df32f2d8601fdd90b6304601419",
                "sha256:e1cf1972137e83c5d4c136c43ced9ac51d0e124706ee1c8aa8532c1287fa8795",
                "sha256:e2103a929dfa2fcaf9bb4e7c091983a49c9ac3b19c9061b6d5427dd7d14d81a1",
                "sha256:e56b7d45a839a697b5eb268c82a71bd8c7f6c94d6fd50c3d577fa39a9f1409f5",
                "sha256:e8afc3f2ccfa24215f8cb28dcf43f0113ac3c37c2f0f0806d8c70e4228c5cf4d",
                "sha256:e8fc20152abba6b83724d7ff268c249fa196d8259ff481f3b1476383f8f24e42",
                "sha256:eaa9599de571d72e2daf60164784109f19978b327a3910d3e9de8c97b5b70cfe",
                "sha256:ec15a59cf5af7be74194f7ab02d0f59a62bdcf1a537677ce67a2537c9b87fcda",
                "sha256:f190daf01f13c72eac4efd5c430a8de82489d9cff23c364c3ea822545032993e",
                "sha256:f34c41761022dd093b4b6896d4810782ffbabe30f2d443ff5f083e0cbbb8c737",
                "sha256:f3e98bb3798ead92273dc0e5fd0f31ade220f59a266ffd8a4f6065e0a3ce0523",
                "sha256:f42d0984e947b8adf7dd6dde396e720934d12c506ce84eea8476409563607591",
                "sha256:f71a396b3bf33ecaa1626c255855702aca4d3d9fea5e051b41ac59a9c1c41edc",
                "sha256:f9e130248f4462aaa8e2552d547f36ddadbeaa573879158d721bbd33dfe4743a",
                "sha256:fed51ac40f757d41b7c48425901843666a6677e3e8eb0abcff09e4ba6e664f50"
            ],
            "markers": "python_version >= '3.9'",
            "version": "==3.0.3"
        },
        "matplotlib": {
            "hashes": [
                "sha256:08308bae9e91aca1ec6fd6dda66237eef9f6294ddb17f0d0b3c863169bf82353",
                "sha256:14645aad967684e92fc349493fa10c08a6da514b3d03a5931a1bac26e6792bd1",
                "sha256:21e9cff1a58d42e74d01153360de92b326708fb205250150018a52c70f43c290",
                "sha256:28506a03bd7f3fe59cd3cd4ceb2a8d8a2b1db41afede01f66c42561b9be7b4b7",
                "sha256:2bf092f9210e105f414a043b92af583c98f50050559616930d884387d0772aba",
                "sha256:3032884084f541163f295db8a6536e0abb0db464008fadca6c98aaf84ccf4717",
                "sha256:3a2cb34336110e0ed8bb4f650e817eed61fa064acbefeb3591f1b33e3a84fd96",
                "sha256:3ba2af245e36990facf67fde840a760128ddd71210b2ab6406e640188d69d136",
                "sha256:3d7bc90727351fb841e4d8ae620d2d86d8ed92b50473cd2b42ce9186104ecbba",
                "sha256:438196cdf5dc8d39b50a45cb6e3f6274edbcf2254f85fa9b895bf85851c3a613",
                "sha256:46a561d23b91f30bccfd25429c3c706afe7d73a5cc64ef2dfaf2b2ac47c1a5dc",
                "sha256:4cf327e98ecf08fcbb82685acaf1939d3338548620ab8dfa02828706402c34de",
                "sha256:4f99e1b234c30c1e9714610eb0c6d2f11809c9c78c984a613ae539ea2ad2eb4b",
                "sha256:544764ba51900da4639c0f983b323d288f94f65f4024dc40ecb1542d74dc0500",
                "sha256:56d94989191de3fcc4e002f93f7f1be5da476385dde410ddafbb70686acf00ea",
                "sha256:57bfb8c8ea253be947ccb2bc2d1bb3862c2bccc662ad1b4626e1f5e004557042",
                "sha256:617f14ae9d53292ece33f45cba8503494ee199a75b44de7717964f70637a36aa",
                "sha256:6eb88d87cb2c49af00d3bbc33a003f89fd9f78d318848da029383bfc08ecfbfb",
                "sha256:75d4725d70b7c03e082bbb8a34639ede17f333d7247f56caceb3801cb6ff703d",
                "sha256:770a205966d641627fd5cf9d3cb4b6280a716522cd36b8b284a8eb1581310f61",
                "sha256:7b73305f25eab4541bd7ee0b96d87e53ae9c9f1823be5659b806cd85786fe882",
                "sha256:7c9a4b2da6fac77bcc41b1ea95fadb314e92508bf5493ceff058e727e7ecf5b0",
                "sha256:81a6b377ea444336538638d31fdb39af6be1a043ca5e343fe18d0f17e098770b",
                "sha256:83111e6388dec67822e2534e13b243cc644c7494a4bb60584edbff91585a83c6",
                "sha256:8704726d33e9aa8a6d5215044b8d00804561971163563e6e6591f9dcf64340cc",
                "sha256:89768d84187f31717349c6bfadc0e0d8c321e8eb34522acec8a67b1236a66332",
                "sha256:8bf26ade3ff0f27668989d98c8435ce9327d24cffb7f07d24ef609e33d582439",
                "sha256:8c587963b85ce41e0a8af53b9b2de8dddbf5ece4c34553f7bd9d066148dc719c",
                "sha256:95cbc13c1fc6844ab8812a525bbc237fa1470863ff3dace7352e910519e194b1",
                "sha256:97cc368a7268141afb5690760921765ed34867ffb9655dd325ed207af85c7529",
                "sha256:a867bf73a7eb808ef2afbca03bcdb785dae09595fbe550e1bab0cd023eba3de0",
                "sha256:b867e2f952ed592237a1828f027d332d8ee219ad722345b79a001f49df0936eb",
                "sha256:c0bd19c72ae53e6ab979f0ac6a3fafceb02d2ecafa023c5cca47acd934d10be7",
                "sha256:ce463ce590f3825b52e9fe5c19a3c6a69fd7675a39d589e8b5fbe772272b3a24",
                "sha256:cf0e4f727534b7b1457898c4f4ae838af1ef87c359b76dcd5330fa31893a3ac7",
                "sha256:def58098f96a05f90af7e92fd127d21a287068202aa43b2a93476170ebd99e87",
                "sha256:e99bc9e65901bb9a7ce5e7bb24af03675cbd7c70b30ac670aa263240635999a4",
                "sha256:eb7d248c34a341cd4c31a06fd34d64306624c8cd8d0def7abb08792a5abfd556",
                "sha256:f67bfdb83a8232cb7a92b869f9355d677bce24485c460b19d01970b64b2ed476",
                "sha256:f883a22a56a84dba3b588696a2b8a1ab0d2c3d41be53264115c71b0a942d8fdb",
                "sha256:fbdeeb58c0cf0595efe89c05c224e0a502d1aa6a8696e68a73c3efc6bc354304"
            ],
            "index": "pypi",
            "markers": "python_version >= '3.8'",
            "version": "==3.7.1"
        },
        "numpy": {
            "hashes": [
                "sha256:0ec87a7084caa559c36e0a2309e4ecb1baa03b687201d0a847c8b0ed476a7187",
                "sha256:1a7d6acc2e7524c9955e5c903160aa4ea083736fde7e91276b0e5d98e6332812",
                "sha256:202de8f38fc4a45a3eea4b63e2f376e5f2dc64ef0fa692838e31a808520efaf7",
                "sha256:210461d87fb02a84ef243cac5e814aad2b7f4be953b32cb53327bb49fd77fbb4",
                "sha256:2d926b52ba1367f9acb76b0df6ed21f0b16a1ad87c6720a1121674e5cf63e2b6",
                "sha256:352ee00c7f8387b44d19f4cada524586f07379c0d49270f87233983bc5087ca0",
                "sha256:35400e6a8d102fd07c71ed7dcadd9eb62ee9a6e84ec159bd48c28235bbb0f8e4",
                "sha256:3c1104d3c036fb81ab923f507536daedc718d0ad5a8707c6061cdfd6d184e570",
                "sha256:4719d5aefb5189f50887773699eaf94e7d1e02bf36c1a9d353d9f46703758ca4",
                "sha256:4749e053a29364d3452c034827102ee100986903263e89884922ef01a0a6fd2f",
                "sha256:5342cf6aad47943286afa6f1609cad9b4266a05e7f2ec408e2cf7aea7ff69d80",
                "sha256:56e48aec79ae238f6e4395886b5eaed058abb7231fb3361ddd7bfdf4eed54289",
                "sha256:76e3f4e85fc5d4fd311f6e9b794d0c00e7002ec122be271f2019d63376f1d385",
                "sha256:7776ea65423ca6a15255ba1872d82d207bd1e09f6d0894ee4a64678dd2204078",
                "sha256:784c6da1a07818491b0ffd63c6bbe5a33deaa0e25a20e1b3ea20cf0e43f8046c",
                "sha256:8535303847b89aa6b0f00aa1dc62867b5a32923e4d1681a35b5eef2d9591a463",
                "sha256:9a7721ec204d3a237225db3e194c25268faf92e19338a35f3a224469cb6039a3",
                "sha256:a1d3c026f57ceaad42f8231305d4653d5f05dc6332a730ae5c0bea3513de0950",
                "sha256:ab344f1bf21f140adab8e47fdbc7c35a477dc01408791f8ba00d018dd0bc5155",
                "sha256:ab5f23af8c16022663a652d3b25dcdc272ac3f83c3af4c02eb8b824e6b3ab9d7",
                "sha256:ae8d0be48d1b6ed82588934aaaa179875e7dc4f3d84da18d7eae6eb3f06c242c",
                "sha256:c91c4afd8abc3908e00a44b2672718905b8611503f7ff87390cc0ac3423fb096",
                "sha256:d5036197ecae68d7f491fcdb4df90082b0d4960ca6599ba2659957aafced7c17",
                "sha256:d6cc757de514c00b24ae8cf5c876af2a7c3df189028d68c0cb4eaa9cd5afc2bf",
                "sha256:d933fabd8f6a319e8530d0de4fcc2e6a61917e0b0c271fded460032db42a0fe4",
                "sha256:ea8282b9bcfe2b5e7d491d0bf7f3e2da29700cec05b49e64d6246923329f2b02",
                "sha256:ecde0f8adef7dfdec993fd54b0f78183051b6580f606111a6d789cd14c61ea0c",
                "sha256:f21c442fdd2805e91799fbe044a7b999b8571bb0ab0f7850d0cb9641a687092b"
            ],
            "index": "pypi",
            "markers": "python_version >= '3.8'",
            "version": "==1.24.3"
        },
        "packaging": {
            "hashes": [
                "sha256:5fc45236b9446107ff2415ce77c807cee2862cb6fac22b8a73826d0693b0980e",
                "sha256:ff452ff5a3e828ce110190feff1178bb1f2ea2281fa2075aadb987c2fb221661"
            ],
            "markers": "python_version >= '3.8'",
            "version": "==26.2"
        },
        "pillow": {
            "hashes": [
                "sha256:07999f5834bdc404c442146942a2ecadd1cb6292f5229f4ed3b31e0a108746b1",
                "sha256:0852ddb76d85f127c135b6dd1f0bb88dbb9ee990d2cd9aa9e28526c93e794fba",
                "sha256:1781a624c229cb35a2ac31cc4a77e28cafc8900733a864870c49bfeedacd106a",
                "sha256:1e7723bd90ef94eda669a3c2c19d549874dd5badaeefabefd26053304abe5799",
                "sha256:229e2c79c00e85989a34b5981a2b67aa079fd08c903f0aaead522a1d68d79e51",
                "sha256:22baf0c3cf0c7f26e82d6e1adf118027afb325e703922c8dfc1d5d0156bb2eeb",
                "sha256:252a03f1bdddce077eff2354c3861bf437c892fb1832f75ce813ee94347aa9b5",
                "sha256:2dfaaf10b6172697b9bceb9a3bd7b951819d1ca339a5ef294d1f1ac6d7f63270",
                "sha256:322724c0032af6692456cd6ed554bb85f8149214d97398bb80613b04e33769f6",
                "sha256:35f6e77122a0c0762268216315bf239cf52b88865bba522999dc38f1c52b9b47",
                "sha256:375f6e5ee9620a271acb6820b3d1e94ffa8e741c0601db4c0c4d3cb0a9c224bf",
                "sha256:3ded42b9ad70e5f1754fb7c2e2d6465a9c842e41d178f262e08b8c85ed8a1d8e",
                "sha256:432b975c009cf649420615388561c0ce7cc31ce9b2e374db659ee4f7d57a1f8b",
                "sha256:482877592e927fd263028c105b36272398e3e1be3269efda09f6ba21fd83ec66",
                "sha256:489f8389261e5ed43ac8ff7b453162af39c3e8abd730af8363587ba64bb2e865",
                "sha256:54f7102ad31a3de5666827526e248c3530b3a33539dbda27c6843d19d72644ec",
                "sha256:560737e70cb9c6255d6dcba3de6578a9e2ec4b573659943a5e7e4af13f298f5c",
                "sha256:5671583eab84af046a397d6d0ba25343c00cd50bce03787948e0fff01d4fd9b1",
                "sha256:5ba1b81ee69573fe7124881762bb4cd2e4b6ed9dd28c9c60a632902fe8db8b38",
                "sha256:5d4ebf8e1db4441a55c509c4baa7a0587a0210f7cd25fcfe74dbbce7a4bd1906",
                "sha256:60037a8db8750e474af7ffc9faa9b5859e6c6d0a50e55c45576bf28be7419705",
                "sha256:608488bdcbdb4ba7837461442b90ea6f3079397ddc968c31265c1e056964f1ef",
                "sha256:6608ff3bf781eee0cd14d0901a2b9cc3d3834516532e3bd673a0a204dc8615fc",
                "sha256:662da1f3f89a302cc22faa9f14a262c2e3951f9dbc9617609a47521c69dd9f8f",
                "sha256:7002d0797a3e4193c7cdee3198d7c14f92c0836d6b4a3f3046a64bd1ce8df2bf",
                "sha256:763782b2e03e45e2c77d7779875f4432e25121ef002a41829d8868700d119392",
                "sha256:77165c4a5e7d5a284f10a6efaa39a0ae8ba839da344f20b111d62cc932fa4e5d",
                "sha256:7c9af5a3b406a50e313467e3565fc99929717f780164fe6fbb7704edba0cebbe",
                "sha256:7ec6f6ce99dab90b52da21cf0dc519e21095e332ff3b399a357c187b1a5eee32",
                "sha256:833b86a98e0ede388fa29363159c9b1a294b0905b5128baf01db683672f230f5",
                "sha256:84a6f19ce086c1bf894644b43cd129702f781ba5751ca8572f08aa40ef0ab7b7",
                "sha256:8507eda3cd0608a1f94f58c64817e83ec12fa93a9436938b191b80d9e4c0fc44",
                "sha256:85ec677246533e27770b0de5cf0f9d6e4ec0c212a1f89dfc941b64b21226009d",
                "sha256:8aca1152d93dcc27dc55395604dcfc55bed5f25ef4c98716a928bacba90d33a3",
                "sha256:8d935f924bbab8f0a9a28404422da8af4904e36d5c33fc6f677e4c4485515625",
                "sha256:8f36397bf3f7d7c6a3abdea815ecf6fd14e7fcd4418ab24bae01008d8d8ca15e",
                "sha256:91ec6fe47b5eb5a9968c79ad9ed78c342b1f97a091677ba0e012701add857829",
                "sha256:965e4a05ef364e7b973dd17fc765f42233415974d773e82144c9bbaaaea5d089",
                "sha256:96e88745a55b88a7c64fa49bceff363a1a27d9a64e04019c2281049444a571e3",
                "sha256:99eb6cafb6ba90e436684e08dad8be1637efb71c4f2180ee6b8f940739406e78",
                "sha256:9adf58f5d64e474bed00d69bcd86ec4bcaa4123bfa70a65ce72e424bfb88ed96",
                "sha256:9b1af95c3a967bf1da94f253e56b6286b50af23392a886720f563c547e48e964",
                "sha256:a0aa9417994d91301056f3d0038af1199eb7adc86e646a36b9e050b06f526597",
                "sha256:a0f9bb6c80e6efcde93ffc51256d5cfb2155ff8f78292f074f60f9e70b942d99",
                "sha256:a127ae76092974abfbfa38ca2d12cbeddcdeac0fb71f9627cc1135bedaf9d51a",
                "sha256:aaf305d6d40bd9632198c766fb64f0c1a83ca5b667f16c1e79e1661ab5060140",
                "sha256:aca1c196f407ec7cf04dcbb15d19a43c507a81f7ffc45b690899d6a76ac9fda7",
                "sha256:ace6ca218308447b9077c14ea4ef381ba0b67ee78d64046b3f19cf4e1139ad16",
                "sha256:b416f03d37d27290cb93597335a2f85ed446731200705b22bb927405320de903",
                "sha256:bf548479d336726d7a0eceb6e767e179fbde37833ae42794602631a070d630f1",
                "sha256:c1170d6b195555644f0616fd6ed929dfcf6333b8675fcca044ae5ab110ded296",
                "sha256:c380b27d041209b849ed246b111b7c166ba36d7933ec6e41175fd15ab9eb1572",
                "sha256:c446d2245ba29820d405315083d55299a796695d747efceb5717a8b450324115",
                "sha256:c830a02caeb789633863b466b9de10c015bded434deb3ec87c768e53752ad22a",
                "sha256:cb841572862f629b99725ebaec3287fc6d275be9b14443ea746c1dd325053cbd",
                "sha256:cfa4561277f677ecf651e2b22dc43e8f5368b74a25a8f7d1d4a3a243e573f2d4",
                "sha256:cfcc2c53c06f2ccb8976fb5c71d448bdd0a07d26d8e07e321c103416444c7ad1",
                "sha256:d3c6b54e304c60c4181da1c9dadf83e4a54fd266a99c70ba646a9baa626819eb",
                "sha256:d3d403753c9d5adc04d4694d35cf0391f0f3d57c8e0030aac09d7678fa8030aa",
                "sha256:d9c206c29b46cfd343ea7cdfe1232443072bbb270d6a46f59c259460db76779a",
                "sha256:e49eb4e95ff6fd7c0c402508894b1ef0e01b99a44320ba7d8ecbabefddcc5569",
                "sha256:f8286396b351785801a976b1e85ea88e937712ee2c3ac653710a4a57a8da5d9c",
                "sha256:f8fc330c3370a81bbf3f88557097d1ea26cd8b019d6433aa59f71195f5ddebbf",
                "sha256:fbd359831c1657d69bb81f0db962905ee05e5e9451913b18b831febfe0519082",
                "sha256:fe7e1c262d3392afcf5071df9afa574544f28eac825284596ac6db56e6d11062",
                "sha256:fed1e1cf6a42577953abbe8e6cf2fe2f566daebde7c34724ec8803c4c0cda579"
            ],
            "index": "pypi",
            "markers": "python_version >= '3.7'",
            "version": "==9.5.0"
        },
        "pyparsing": {
            "hashes": [
                "sha256:850ba148bd908d7e2411587e247a1e4f0327839c40e2e5e6d05a007ecc69911d",
                "sha256:c777f4d763f140633dcb6d8a3eda953bf7a214dc4eff598413c070bcdc117cbc"
            ],
            "markers": "python_version >= '3.9'",
            "version": "==3.3.2"
        },
        "python-dateutil": {
            "hashes": [
                "sha256:37dd54208da7e1cd875388217d5e00ebd4179249f90fb72437e91a35459a0ad3",
                "sha256:a8b2bc7bffae282281c8140a97d3aa9c14da0b136dfe83f850eea9a5f7470427"
            ],
            "markers": "python_version >= '2.7' and python_version not in '3.0, 3.1, 3.2'",
            "version": "==2.9.0.post0"
        },
        "six": {
            "hashes": [
                "sha256:4721f391ed90541fddacab5acf947aa0d3dc7d27b2e1e8eda2be8970586c3274",
                "sha256:ff70335d468e7eb6ec65b95b99d3a2836546063f63acc5171de367e834932a81"
            ],
            "markers": "python_version >= '2.7' and python_version not in '3.0, 3.1, 3.2'",
            "version": "==1.17.0"
        },
        "werkzeug": {
            "hashes": [
                "sha256:63a77fb8892bf28ebc3178683445222aa500e48ebad5ec77b0ad80f8726b1f50",
                "sha256:9bad61a4268dac112f1c5cd4630a56ede601b6ed420300677a869083d70a4c44"
            ],
            "markers": "python_version >= '3.9'",
            "version": "==3.1.8"
        }
    },
    "develop": {}
}
